{
  "version": 4,
  "terraform_version": "1.9.7",
  "serial": 12,
  "lineage": "f045c5e3-bde2-ef7d-08c0-29e7105a5ede",
  "outputs": {
    "nginx_dev_dns": {
      "value": "ec2-54-159-37-2.compute-1.amazonaws.com",
      "type": "string"
    },
    "nginx_dev_ip": {
      "value": "54.159.37.2",
      "type": "string"
    },
    "nginx_qa_dns": {
      "value": "ec2-54-147-195-77.compute-1.amazonaws.com",
      "type": "string"
    },
    "nginx_qa_ip": {
      "value": "54.147.195.77",
      "type": "string"
    }
  },
  "resources": [
    {
      "module": "module.nginx_server_dev",
      "mode": "managed",
      "type": "aws_instance",
      "name": "ngnix-server",
      "provider": "module.nginx_server_dev.provider[\"registry.terraform.io/hashicorp/aws\"]",
      "instances": [
        {
          "schema_version": 1,
          "attributes": {
            "ami": "ami-0866a3c8686eaeeba",
            "arn": "arn:aws:ec2:us-east-1:471112631123:instance/i-0199cd8219f95810d",
            "associate_public_ip_address": true,
            "availability_zone": "us-east-1c",
            "capacity_reservation_specification": [
              {
                "capacity_reservation_preference": "open",
                "capacity_reservation_target": []
              }
            ],
            "cpu_core_count": 1,
            "cpu_options": [
              {
                "amd_sev_snp": "",
                "core_count": 1,
                "threads_per_core": 1
              }
            ],
            "cpu_threads_per_core": 1,
            "credit_specification": [
              {
                "cpu_credits": "standard"
              }
            ],
            "disable_api_stop": false,
            "disable_api_termination": false,
            "ebs_block_device": [],
            "ebs_optimized": false,
            "enclave_options": [
              {
                "enabled": false
              }
            ],
            "ephemeral_block_device": [],
            "get_password_data": false,
            "hibernation": false,
            "host_id": "",
            "host_resource_group_arn": null,
            "iam_instance_profile": "",
            "id": "i-0199cd8219f95810d",
            "instance_initiated_shutdown_behavior": "stop",
            "instance_lifecycle": "",
            "instance_market_options": [],
            "instance_state": "running",
            "instance_type": "t2.micro",
            "ipv6_address_count": 0,
            "ipv6_addresses": [],
            "key_name": "nginx-server-dev-ssh-key",
            "launch_template": [],
            "maintenance_options": [
              {
                "auto_recovery": "default"
              }
            ],
            "metadata_options": [
              {
                "http_endpoint": "enabled",
                "http_protocol_ipv6": "disabled",
                "http_put_response_hop_limit": 2,
                "http_tokens": "required",
                "instance_metadata_tags": "disabled"
              }
            ],
            "monitoring": false,
            "network_interface": [],
            "outpost_arn": "",
            "password_data": "",
            "placement_group": "",
            "placement_partition_number": 0,
            "primary_network_interface_id": "eni-0fc3f1f9d58a1bbc6",
            "private_dns": "ip-172-31-41-76.ec2.internal",
            "private_dns_name_options": [
              {
                "enable_resource_name_dns_a_record": false,
                "enable_resource_name_dns_aaaa_record": false,
                "hostname_type": "ip-name"
              }
            ],
            "private_ip": "172.31.41.76",
            "public_dns": "ec2-54-159-37-2.compute-1.amazonaws.com",
            "public_ip": "54.159.37.2",
            "root_block_device": [
              {
                "delete_on_termination": true,
                "device_name": "/dev/sda1",
                "encrypted": false,
                "iops": 3000,
                "kms_key_id": "",
                "tags": {},
                "tags_all": {},
                "throughput": 125,
                "volume_id": "vol-03a50062f89a018ba",
                "volume_size": 8,
                "volume_type": "gp3"
              }
            ],
            "secondary_private_ips": [],
            "security_groups": [
              "nginx-server-dev-juan"
            ],
            "source_dest_check": true,
            "spot_instance_request_id": "",
            "subnet_id": "subnet-0d84b361aab091d05",
            "tags": {
              "Environment": "dev",
              "Name": "nginx-server-dev",
              "Owner": "Juan-Devops",
              "Project": "Terraform"
            },
            "tags_all": {
              "Environment": "dev",
              "Name": "nginx-server-dev",
              "Owner": "Juan-Devops",
              "Project": "Terraform"
            },
            "tenancy": "default",
            "timeouts": null,
            "user_data": "e6334d8f2755eb709d480e5cfeb98a39a592ba3e",
            "user_data_base64": null,
            "user_data_replace_on_change": false,
            "volume_tags": null,
            "vpc_security_group_ids": [
              "sg-09f32a64a8b7b912a"
            ]
          },
          "sensitive_attributes": [],
          "private": "eyJlMmJmYjczMC1lY2FhLTExZTYtOGY4OC0zNDM2M2JjN2M0YzAiOnsiY3JlYXRlIjo2MDAwMDAwMDAwMDAsImRlbGV0ZSI6MTIwMDAwMDAwMDAwMCwicmVhZCI6OTAwMDAwMDAwMDAwLCJ1cGRhdGUiOjYwMDAwMDAwMDAwMH0sInNjaGVtYV92ZXJzaW9uIjoiMSJ9",
          "dependencies": [
            "module.nginx_server_dev.aws_key_pair.nginx-server-ssh-key",
            "module.nginx_server_dev.aws_security_group.nginx-server-sg"
          ]
        }
      ]
    },
    {
      "module": "module.nginx_server_dev",
      "mode": "managed",
      "type": "aws_key_pair",
      "name": "nginx-server-ssh-key",
      "provider": "module.nginx_server_dev.provider[\"registry.terraform.io/hashicorp/aws\"]",
      "instances": [
        {
          "schema_version": 1,
          "attributes": {
            "arn": "arn:aws:ec2:us-east-1:471112631123:key-pair/nginx-server-dev-ssh-key",
            "fingerprint": "8b:d4:c9:57:4a:7c:d9:37:40:01:53:bc:f5:d8:82:2c",
            "id": "nginx-server-dev-ssh-key",
            "key_name": "nginx-server-dev-ssh-key",
            "key_name_prefix": "",
            "key_pair_id": "key-09647e83fb68e142a",
            "key_type": "rsa",
            "public_key": "ssh-rsa AAAAB3NzaC1yc2EAAAADAQABAAACAQDHfh0BFRG4XqHvhwnTPsxwP+tCUWKSdwb9kMzxuprgMbFoeZJ1eEj1Mpi5yodZzgMTuxoI26NOCYQfRQQStiFXxEfjXfy/NgHoLXrZOlwlgHRajQAD7MpwGR70twshLhMhtCaNNlqWDthB9mcnMyjjr9psxE2daBPMU/1vK+J11FPFRJjAFmWgI1pmcCh4WG1WU57NNrvAN6P1rOx27lduHvR6QhqQr15ahkphzY5HZmb1iQRwVduS0oxQgfS50lOGYxuQG0hhtvj2dDf4ntuaJBH9vhpK4I74JfkzOIc07o+VY9J7DDLSxmYS406puZm1ZX9oVlmYpzYnrqIHKoxH8sfAC/5gC9tGtjYFLMT/DiZ6bcKYa46ITLGZg1YxhXh/3XfchuAgpNOA3JUDjlmH8Qr3vaeENeZaB8yCeJ9sPCZlt/1Umtsh+zdscwEnc4HJXnA1XOW3eKiqrFm3WsLAgI9mjY9jwuqYAuGTtRGzVU4awTo8rm4nYMKUyvfN67yi6OmjB3zaPf5cVgxtpX/cHOHzYrYOEMH3TYdiIzOMFM5w54hOh+aaz8RR+iLvjxr8e9YDkV+jj4kQcCB3IIlvq14cA+eEDS/xTwuddfm7IEH7vR+2/2K54/L2wFdHWaVYsADi6tcmK9HGTYJcT54NLI7Ux2KaUfjKfkiiEzqq0Q== juan.ortega.it@gmail.com",
            "tags": {},
            "tags_all": {}
          },
          "sensitive_attributes": [],
          "private": "eyJzY2hlbWFfdmVyc2lvbiI6IjEifQ=="
        }
      ]
    },
    {
      "module": "module.nginx_server_dev",
      "mode": "managed",
      "type": "aws_security_group",
      "name": "nginx-server-sg",
      "provider": "module.nginx_server_dev.provider[\"registry.terraform.io/hashicorp/aws\"]",
      "instances": [
        {
          "schema_version": 1,
          "attributes": {
            "arn": "arn:aws:ec2:us-east-1:471112631123:security-group/sg-09f32a64a8b7b912a",
            "description": "Allow inbound traffic on port 80 and 22",
            "egress": [
              {
                "cidr_blocks": [
                  "0.0.0.0/0"
                ],
                "description": "",
                "from_port": 0,
                "ipv6_cidr_blocks": [],
                "prefix_list_ids": [],
                "protocol": "-1",
                "security_groups": [],
                "self": false,
                "to_port": 0
              }
            ],
            "id": "sg-09f32a64a8b7b912a",
            "ingress": [
              {
                "cidr_blocks": [
                  "0.0.0.0/0"
                ],
                "description": "",
                "from_port": 22,
                "ipv6_cidr_blocks": [],
                "prefix_list_ids": [],
                "protocol": "tcp",
                "security_groups": [],
                "self": false,
                "to_port": 22
              },
              {
                "cidr_blocks": [
                  "0.0.0.0/0"
                ],
                "description": "",
                "from_port": 80,
                "ipv6_cidr_blocks": [],
                "prefix_list_ids": [],
                "protocol": "tcp",
                "security_groups": [],
                "self": false,
                "to_port": 80
              }
            ],
            "name": "nginx-server-dev-juan",
            "name_prefix": "",
            "owner_id": "471112631123",
            "revoke_rules_on_delete": false,
            "tags": {},
            "tags_all": {},
            "timeouts": null,
            "vpc_id": "vpc-0586bf8f842fe0943"
          },
          "sensitive_attributes": [],
          "private": "eyJlMmJmYjczMC1lY2FhLTExZTYtOGY4OC0zNDM2M2JjN2M0YzAiOnsiY3JlYXRlIjo2MDAwMDAwMDAwMDAsImRlbGV0ZSI6OTAwMDAwMDAwMDAwfSwic2NoZW1hX3ZlcnNpb24iOiIxIn0="
        }
      ]
    },
    {
      "module": "module.nginx_server_qa",
      "mode": "managed",
      "type": "aws_instance",
      "name": "ngnix-server",
      "provider": "module.nginx_server_qa.provider[\"registry.terraform.io/hashicorp/aws\"]",
      "instances": [
        {
          "schema_version": 1,
          "attributes": {
            "ami": "ami-0866a3c8686eaeeba",
            "arn": "arn:aws:ec2:us-east-1:471112631123:instance/i-07118b7be73e70943",
            "associate_public_ip_address": true,
            "availability_zone": "us-east-1c",
            "capacity_reservation_specification": [
              {
                "capacity_reservation_preference": "open",
                "capacity_reservation_target": []
              }
            ],
            "cpu_core_count": 1,
            "cpu_options": [
              {
                "amd_sev_snp": "",
                "core_count": 1,
                "threads_per_core": 1
              }
            ],
            "cpu_threads_per_core": 1,
            "credit_specification": [
              {
                "cpu_credits": "standard"
              }
            ],
            "disable_api_stop": false,
            "disable_api_termination": false,
            "ebs_block_device": [],
            "ebs_optimized": false,
            "enclave_options": [
              {
                "enabled": false
              }
            ],
            "ephemeral_block_device": [],
            "get_password_data": false,
            "hibernation": false,
            "host_id": "",
            "host_resource_group_arn": null,
            "iam_instance_profile": "",
            "id": "i-07118b7be73e70943",
            "instance_initiated_shutdown_behavior": "stop",
            "instance_lifecycle": "",
            "instance_market_options": [],
            "instance_state": "running",
            "instance_type": "t2.micro",
            "ipv6_address_count": 0,
            "ipv6_addresses": [],
            "key_name": "nginx-server-qa-ssh-key",
            "launch_template": [],
            "maintenance_options": [
              {
                "auto_recovery": "default"
              }
            ],
            "metadata_options": [
              {
                "http_endpoint": "enabled",
                "http_protocol_ipv6": "disabled",
                "http_put_response_hop_limit": 2,
                "http_tokens": "required",
                "instance_metadata_tags": "disabled"
              }
            ],
            "monitoring": false,
            "network_interface": [],
            "outpost_arn": "",
            "password_data": "",
            "placement_group": "",
            "placement_partition_number": 0,
            "primary_network_interface_id": "eni-0b264c954b54eaa08",
            "private_dns": "ip-172-31-33-198.ec2.internal",
            "private_dns_name_options": [
              {
                "enable_resource_name_dns_a_record": false,
                "enable_resource_name_dns_aaaa_record": false,
                "hostname_type": "ip-name"
              }
            ],
            "private_ip": "172.31.33.198",
            "public_dns": "ec2-54-147-195-77.compute-1.amazonaws.com",
            "public_ip": "54.147.195.77",
            "root_block_device": [
              {
                "delete_on_termination": true,
                "device_name": "/dev/sda1",
                "encrypted": false,
                "iops": 3000,
                "kms_key_id": "",
                "tags": {},
                "tags_all": {},
                "throughput": 125,
                "volume_id": "vol-0ed3814901ff6cd20",
                "volume_size": 8,
                "volume_type": "gp3"
              }
            ],
            "secondary_private_ips": [],
            "security_groups": [
              "nginx-server-qa-juan"
            ],
            "source_dest_check": true,
            "spot_instance_request_id": "",
            "subnet_id": "subnet-0d84b361aab091d05",
            "tags": {
              "Environment": "qa",
              "Name": "nginx-server-qa",
              "Owner": "Juan-Devops",
              "Project": "Terraform"
            },
            "tags_all": {
              "Environment": "qa",
              "Name": "nginx-server-qa",
              "Owner": "Juan-Devops",
              "Project": "Terraform"
            },
            "tenancy": "default",
            "timeouts": null,
            "user_data": "e6334d8f2755eb709d480e5cfeb98a39a592ba3e",
            "user_data_base64": null,
            "user_data_replace_on_change": false,
            "volume_tags": null,
            "vpc_security_group_ids": [
              "sg-01448aecdd286448c"
            ]
          },
          "sensitive_attributes": [],
          "private": "eyJlMmJmYjczMC1lY2FhLTExZTYtOGY4OC0zNDM2M2JjN2M0YzAiOnsiY3JlYXRlIjo2MDAwMDAwMDAwMDAsImRlbGV0ZSI6MTIwMDAwMDAwMDAwMCwicmVhZCI6OTAwMDAwMDAwMDAwLCJ1cGRhdGUiOjYwMDAwMDAwMDAwMH0sInNjaGVtYV92ZXJzaW9uIjoiMSJ9",
          "dependencies": [
            "module.nginx_server_qa.aws_key_pair.nginx-server-ssh-key",
            "module.nginx_server_qa.aws_security_group.nginx-server-sg"
          ]
        }
      ]
    },
    {
      "module": "module.nginx_server_qa",
      "mode": "managed",
      "type": "aws_key_pair",
      "name": "nginx-server-ssh-key",
      "provider": "module.nginx_server_qa.provider[\"registry.terraform.io/hashicorp/aws\"]",
      "instances": [
        {
          "schema_version": 1,
          "attributes": {
            "arn": "arn:aws:ec2:us-east-1:471112631123:key-pair/nginx-server-qa-ssh-key",
            "fingerprint": "d0:2a:95:ad:a2:f7:38:ac:fc:bb:09:19:31:2a:58:f4",
            "id": "nginx-server-qa-ssh-key",
            "key_name": "nginx-server-qa-ssh-key",
            "key_name_prefix": "",
            "key_pair_id": "key-0e04a2c3e912e2329",
            "key_type": "rsa",
            "public_key": "ssh-rsa AAAAB3NzaC1yc2EAAAADAQABAAACAQDcdIxg1HUUzlXxtpnvg+4tfq0b3JY9YBRG3bxr7aeI/xBhbSW06mcYVFtBkVJpvylZ+Y9OdKVo075uaEuUP71iIAgVApnQDgJrh+Tzq9PRbCJG561hoCMhewWX7YITgOf66KTrlt3f5nfwAcKBEvHtCrs3O79MmB+mNUCh1LSq/ZHAYNcXzm1HyRfCQXHDyuoLMylBUF55bInCKqejJe3COccZ4t4y5RQYLGTAcycpZzpy/vnmjbYvt7mMMAsRhjMm+Kl7r+oeUiDS/TqLbYjj42u2RGD2Xhn4BlovxsAQQ+OZwEAnTsLgL2yO7DpaHeNdPn9j1Y0JsktuBIDqjiCWVvvGGLks7UHvNcHm37RqZKmBLG80Y7ebx1UMDK30GYm0XtxN/+PNZU1LIzOwY/8VIOqot+mS3pnyaxuE55rvaqZnD/n6lShZ1rXXlDS1YBAATO6ptDP9vSgNqjtywZTN8KbeSANOYiLf1US9LiCL8QCnJ/aHUMO821xM6CNS/He5lC1vGo+rvogrNmK85t1UkU/87/gkIRGydYbSA8pkbVOncqzDRBoA8tvonUWvoIktQw0oWPId/UT9urSiEtoiU6cDwL8Hrc/MPCj6zWZT7qiXWLJUO1KRw4jAPqnpzVNvQKjsbBZB7Cy3S8r8uLNg/30UpoRH7UB9Sq+QjSnYlw== juan.ortega.it@gmail.com",
            "tags": {},
            "tags_all": {}
          },
          "sensitive_attributes": [],
          "private": "eyJzY2hlbWFfdmVyc2lvbiI6IjEifQ=="
        }
      ]
    },
    {
      "module": "module.nginx_server_qa",
      "mode": "managed",
      "type": "aws_security_group",
      "name": "nginx-server-sg",
      "provider": "module.nginx_server_qa.provider[\"registry.terraform.io/hashicorp/aws\"]",
      "instances": [
        {
          "schema_version": 1,
          "attributes": {
            "arn": "arn:aws:ec2:us-east-1:471112631123:security-group/sg-01448aecdd286448c",
            "description": "Allow inbound traffic on port 80 and 22",
            "egress": [
              {
                "cidr_blocks": [
                  "0.0.0.0/0"
                ],
                "description": "",
                "from_port": 0,
                "ipv6_cidr_blocks": [],
                "prefix_list_ids": [],
                "protocol": "-1",
                "security_groups": [],
                "self": false,
                "to_port": 0
              }
            ],
            "id": "sg-01448aecdd286448c",
            "ingress": [
              {
                "cidr_blocks": [
                  "0.0.0.0/0"
                ],
                "description": "",
                "from_port": 22,
                "ipv6_cidr_blocks": [],
                "prefix_list_ids": [],
                "protocol": "tcp",
                "security_groups": [],
                "self": false,
                "to_port": 22
              },
              {
                "cidr_blocks": [
                  "0.0.0.0/0"
                ],
                "description": "",
                "from_port": 80,
                "ipv6_cidr_blocks": [],
                "prefix_list_ids": [],
                "protocol": "tcp",
                "security_groups": [],
                "self": false,
                "to_port": 80
              }
            ],
            "name": "nginx-server-qa-juan",
            "name_prefix": "",
            "owner_id": "471112631123",
            "revoke_rules_on_delete": false,
            "tags": {},
            "tags_all": {},
            "timeouts": null,
            "vpc_id": "vpc-0586bf8f842fe0943"
          },
          "sensitive_attributes": [],
          "private": "eyJlMmJmYjczMC1lY2FhLTExZTYtOGY4OC0zNDM2M2JjN2M0YzAiOnsiY3JlYXRlIjo2MDAwMDAwMDAwMDAsImRlbGV0ZSI6OTAwMDAwMDAwMDAwfSwic2NoZW1hX3ZlcnNpb24iOiIxIn0="
        }
      ]
    }
  ],
  "check_results": null
}
